// !$*UTF8*$!
{
	archiveVersion = 1;
	classes = {
	};
	objectVersion = 46;
	objects = {

/* Begin PBXBuildFile section */
		4F72561B1BDF90F000852F8C /* CAPSPageMenu.swift in Sources */ = {isa = PBXBuildFile; fileRef = 4F72561A1BDF90F000852F8C /* CAPSPageMenu.swift */; };
		4F72561D1BDF90FF00852F8C /* ScheduleBaseView.swift in Sources */ = {isa = PBXBuildFile; fileRef = 4F72561C1BDF90FF00852F8C /* ScheduleBaseView.swift */; };
		4F7256221BDF91F100852F8C /* SchedulePage01.swift in Sources */ = {isa = PBXBuildFile; fileRef = 4F7256211BDF91F100852F8C /* SchedulePage01.swift */; };
		4F82DA0A1BDF9C0400FED6B3 /* SchedulePage.xib in Resources */ = {isa = PBXBuildFile; fileRef = 4F82DA091BDF9C0400FED6B3 /* SchedulePage.xib */; };
		4F82DA0C1BDFE2EE00FED6B3 /* ScheduleCell.xib in Resources */ = {isa = PBXBuildFile; fileRef = 4F82DA0B1BDFE2EE00FED6B3 /* ScheduleCell.xib */; };
		4F82DA0E1BDFE37900FED6B3 /* ScheduleCellScript.swift in Sources */ = {isa = PBXBuildFile; fileRef = 4F82DA0D1BDFE37900FED6B3 /* ScheduleCellScript.swift */; };
		4F82DA101BDFF10300FED6B3 /* Schedule.json in Resources */ = {isa = PBXBuildFile; fileRef = 4F82DA0F1BDFF10300FED6B3 /* Schedule.json */; };
		4F82DA121BE064E600FED6B3 /* NSDateExtension.swift in Sources */ = {isa = PBXBuildFile; fileRef = 4F82DA111BE064E600FED6B3 /* NSDateExtension.swift */; };
		4F8BCC701BD731AE0012BA88 /* FAQViewController.swift in Sources */ = {isa = PBXBuildFile; fileRef = 4F8BCC6F1BD731AE0012BA88 /* FAQViewController.swift */; };
		4F8BCC721BD733440012BA88 /* FAQ.json in Resources */ = {isa = PBXBuildFile; fileRef = 4F8BCC711BD733440012BA88 /* FAQ.json */; };
		4F8BCC741BD7A1BB0012BA88 /* TabViewController.swift in Sources */ = {isa = PBXBuildFile; fileRef = 4F8BCC731BD7A1BB0012BA88 /* TabViewController.swift */; };
		682405551BD1623900B95C99 /* NavigationController.swift in Sources */ = {isa = PBXBuildFile; fileRef = 682405541BD1623900B95C99 /* NavigationController.swift */; };
		6826771D1BD5286800B3D6D5 /* Array2D.swift in Sources */ = {isa = PBXBuildFile; fileRef = 6826771C1BD5286800B3D6D5 /* Array2D.swift */; };
		6826771F1BD5288300B3D6D5 /* Bingo.swift in Sources */ = {isa = PBXBuildFile; fileRef = 6826771E1BD5288300B3D6D5 /* Bingo.swift */; };
		682677211BD528AF00B3D6D5 /* Tile.swift in Sources */ = {isa = PBXBuildFile; fileRef = 682677201BD528AF00B3D6D5 /* Tile.swift */; };
		682677231BD5297400B3D6D5 /* Extensions.swift in Sources */ = {isa = PBXBuildFile; fileRef = 682677221BD5297400B3D6D5 /* Extensions.swift */; };
		682677261BD531CA00B3D6D5 /* Level_5.json in Resources */ = {isa = PBXBuildFile; fileRef = 682677251BD531CA00B3D6D5 /* Level_5.json */; };
		682677281BD5344E00B3D6D5 /* BingoCollectionViewCell.swift in Sources */ = {isa = PBXBuildFile; fileRef = 682677271BD5344E00B3D6D5 /* BingoCollectionViewCell.swift */; };
		68431C281BE109D5004DC850 /* cuOpenHouseRouteData.json in Resources */ = {isa = PBXBuildFile; fileRef = 68431C271BE109D5004DC850 /* cuOpenHouseRouteData.json */; };
		6849449D1BE3A67800622453 /* HighlightDetail.m in Sources */ = {isa = PBXBuildFile; fileRef = 75936D091BE361A3005642E5 /* HighlightDetail.m */; };
		684944A01BE3A70A00622453 /* WebViewController.m in Sources */ = {isa = PBXBuildFile; fileRef = 6849449F1BE3A70A00622453 /* WebViewController.m */; };
		685B0DE61BCBBB3F0062BC91 /* AppDelegate.swift in Sources */ = {isa = PBXBuildFile; fileRef = 685B0DE51BCBBB3F0062BC91 /* AppDelegate.swift */; };
		685B0DE81BCBBB3F0062BC91 /* ViewController.swift in Sources */ = {isa = PBXBuildFile; fileRef = 685B0DE71BCBBB3F0062BC91 /* ViewController.swift */; };
		685B0DEB1BCBBB3F0062BC91 /* Main.storyboard in Resources */ = {isa = PBXBuildFile; fileRef = 685B0DE91BCBBB3F0062BC91 /* Main.storyboard */; };
		685B0DED1BCBBB400062BC91 /* Assets.xcassets in Resources */ = {isa = PBXBuildFile; fileRef = 685B0DEC1BCBBB400062BC91 /* Assets.xcassets */; };
		685B0DF01BCBBB400062BC91 /* LaunchScreen.storyboard in Resources */ = {isa = PBXBuildFile; fileRef = 685B0DEE1BCBBB400062BC91 /* LaunchScreen.storyboard */; };
		685B0DFB1BCBBB400062BC91 /* OpenHouseOneFiveTests.swift in Sources */ = {isa = PBXBuildFile; fileRef = 685B0DFA1BCBBB400062BC91 /* OpenHouseOneFiveTests.swift */; };
		685B0E061BCBBB400062BC91 /* OpenHouseOneFiveUITests.swift in Sources */ = {isa = PBXBuildFile; fileRef = 685B0E051BCBBB400062BC91 /* OpenHouseOneFiveUITests.swift */; };
		685B0E191BCBBB670062BC91 /* QRCodeReader.swift in Sources */ = {isa = PBXBuildFile; fileRef = 685B0E141BCBBB670062BC91 /* QRCodeReader.swift */; };
		685B0E1A1BCBBB670062BC91 /* QRCodeViewController.swift in Sources */ = {isa = PBXBuildFile; fileRef = 685B0E151BCBBB670062BC91 /* QRCodeViewController.swift */; };
		685B0E1B1BCBBB670062BC91 /* ReaderOverlayView.swift in Sources */ = {isa = PBXBuildFile; fileRef = 685B0E161BCBBB670062BC91 /* ReaderOverlayView.swift */; };
		685B0E1C1BCBBB670062BC91 /* SwitchCameraButton.swift in Sources */ = {isa = PBXBuildFile; fileRef = 685B0E171BCBBB670062BC91 /* SwitchCameraButton.swift */; };
		685B0E1D1BCBBB670062BC91 /* ToggleTorchButton.swift in Sources */ = {isa = PBXBuildFile; fileRef = 685B0E181BCBBB670062BC91 /* ToggleTorchButton.swift */; };
		688664671BD5F7DA004CD6B5 /* MapViewController.swift in Sources */ = {isa = PBXBuildFile; fileRef = 688664661BD5F7DA004CD6B5 /* MapViewController.swift */; };
		689BCC771BD77FC40065EC02 /* faculty.json in Resources */ = {isa = PBXBuildFile; fileRef = 689BCC761BD77FC40065EC02 /* faculty.json */; };
		689BCC7C1BD790200065EC02 /* BingoViewController.swift in Sources */ = {isa = PBXBuildFile; fileRef = 689BCC7B1BD790200065EC02 /* BingoViewController.swift */; };
		68B8BD3B1BE712D3007DFD36 /* GoogleService-Info.plist in Resources */ = {isa = PBXBuildFile; fileRef = 68B8BD3A1BE712D3007DFD36 /* GoogleService-Info.plist */; };
		68BF18AC1BE3460800FECDD6 /* HighlightViewController.swift in Sources */ = {isa = PBXBuildFile; fileRef = 68BF18AB1BE3460800FECDD6 /* HighlightViewController.swift */; };
		68D4FA391BE634A500166097 /* RBResizer.swift in Sources */ = {isa = PBXBuildFile; fileRef = 68D4FA381BE634A500166097 /* RBResizer.swift */; };
		68EA4A8F1BDF8BF2005E44D8 /* ThaiSansNeue-Bold.ttf in Resources */ = {isa = PBXBuildFile; fileRef = 68EA4A8B1BDF8BF2005E44D8 /* ThaiSansNeue-Bold.ttf */; };
		68EA4A901BDF8BF2005E44D8 /* ThaiSansNeue-Light.ttf in Resources */ = {isa = PBXBuildFile; fileRef = 68EA4A8C1BDF8BF2005E44D8 /* ThaiSansNeue-Light.ttf */; };
		68EA4A911BDF8BF2005E44D8 /* ThaiSansNeue-Regular.ttf in Resources */ = {isa = PBXBuildFile; fileRef = 68EA4A8D1BDF8BF2005E44D8 /* ThaiSansNeue-Regular.ttf */; };
		68EA4A921BDF8BF2005E44D8 /* ThaiSansNeue-UltraLight.ttf in Resources */ = {isa = PBXBuildFile; fileRef = 68EA4A8E1BDF8BF2005E44D8 /* ThaiSansNeue-UltraLight.ttf */; };
		68FF90251BD6906B006F96B0 /* TitleTableViewCell.swift in Sources */ = {isa = PBXBuildFile; fileRef = 68FF90241BD6906B006F96B0 /* TitleTableViewCell.swift */; };
		750A24941BE551FE00C06A37 /* close_button.png in Resources */ = {isa = PBXBuildFile; fileRef = 750A24801BE551FE00C06A37 /* close_button.png */; };
		750A24951BE551FE00C06A37 /* sticker_21.png in Resources */ = {isa = PBXBuildFile; fileRef = 750A24811BE551FE00C06A37 /* sticker_21.png */; };
		750A24961BE551FE00C06A37 /* sticker_22.png in Resources */ = {isa = PBXBuildFile; fileRef = 750A24821BE551FE00C06A37 /* sticker_22.png */; };
		750A24971BE551FE00C06A37 /* sticker_23.png in Resources */ = {isa = PBXBuildFile; fileRef = 750A24831BE551FE00C06A37 /* sticker_23.png */; };
		750A24981BE551FE00C06A37 /* sticker_24.png in Resources */ = {isa = PBXBuildFile; fileRef = 750A24841BE551FE00C06A37 /* sticker_24.png */; };
		750A24991BE551FE00C06A37 /* sticker_25.png in Resources */ = {isa = PBXBuildFile; fileRef = 750A24851BE551FE00C06A37 /* sticker_25.png */; };
		750A249A1BE551FE00C06A37 /* sticker_26.png in Resources */ = {isa = PBXBuildFile; fileRef = 750A24861BE551FE00C06A37 /* sticker_26.png */; };
		750A249B1BE551FE00C06A37 /* sticker_27.png in Resources */ = {isa = PBXBuildFile; fileRef = 750A24871BE551FE00C06A37 /* sticker_27.png */; };
		750A249C1BE551FE00C06A37 /* sticker_28.png in Resources */ = {isa = PBXBuildFile; fileRef = 750A24881BE551FE00C06A37 /* sticker_28.png */; };
		750A249D1BE551FE00C06A37 /* sticker_29.png in Resources */ = {isa = PBXBuildFile; fileRef = 750A24891BE551FE00C06A37 /* sticker_29.png */; };
		750A249E1BE551FE00C06A37 /* sticker_30.png in Resources */ = {isa = PBXBuildFile; fileRef = 750A248A1BE551FE00C06A37 /* sticker_30.png */; };
		750A249F1BE551FE00C06A37 /* sticker_31.png in Resources */ = {isa = PBXBuildFile; fileRef = 750A248B1BE551FE00C06A37 /* sticker_31.png */; };
		750A24A01BE551FE00C06A37 /* sticker_32.png in Resources */ = {isa = PBXBuildFile; fileRef = 750A248C1BE551FE00C06A37 /* sticker_32.png */; };
		750A24A11BE551FE00C06A37 /* sticker_33.png in Resources */ = {isa = PBXBuildFile; fileRef = 750A248D1BE551FE00C06A37 /* sticker_33.png */; };
		750A24A21BE551FE00C06A37 /* sticker_34.png in Resources */ = {isa = PBXBuildFile; fileRef = 750A248E1BE551FE00C06A37 /* sticker_34.png */; };
		750A24A31BE551FE00C06A37 /* sticker_35.png in Resources */ = {isa = PBXBuildFile; fileRef = 750A248F1BE551FE00C06A37 /* sticker_35.png */; };
		750A24A41BE551FE00C06A37 /* sticker_37.png in Resources */ = {isa = PBXBuildFile; fileRef = 750A24901BE551FE00C06A37 /* sticker_37.png */; };
		750A24A51BE551FE00C06A37 /* sticker_38.png in Resources */ = {isa = PBXBuildFile; fileRef = 750A24911BE551FE00C06A37 /* sticker_38.png */; };
		750A24A61BE551FE00C06A37 /* sticker_39.png in Resources */ = {isa = PBXBuildFile; fileRef = 750A24921BE551FE00C06A37 /* sticker_39.png */; };
		750A24A71BE551FE00C06A37 /* sticker_40.png in Resources */ = {isa = PBXBuildFile; fileRef = 750A24931BE551FE00C06A37 /* sticker_40.png */; };
		754C41371BE7A16F0039F5DB /* 24_Art.jpg in Resources */ = {isa = PBXBuildFile; fileRef = 754C41361BE7A16F0039F5DB /* 24_Art.jpg */; };
		754C41391BE7A3830039F5DB /* V2 in Resources */ = {isa = PBXBuildFile; fileRef = 754C41381BE7A3830039F5DB /* V2 */; };
		754C413D1BE7CBD90039F5DB /* 40_Art.jpg in Resources */ = {isa = PBXBuildFile; fileRef = 754C413C1BE7CBD90039F5DB /* 40_Art.jpg */; };
		75936CD61BE29E64005642E5 /* highlight.json in Resources */ = {isa = PBXBuildFile; fileRef = 75936CD51BE29E64005642E5 /* highlight.json */; };
		75936CDB1BE2B363005642E5 /* HighLightJsonParser.swift in Sources */ = {isa = PBXBuildFile; fileRef = 75936CDA1BE2B363005642E5 /* HighLightJsonParser.swift */; };
		75936CF11BE2F6CF005642E5 /* 21_Art.jpg in Resources */ = {isa = PBXBuildFile; fileRef = 75936CDD1BE2F6CF005642E5 /* 21_Art.jpg */; };
		75936CF21BE2F6CF005642E5 /* 22_Art.jpg in Resources */ = {isa = PBXBuildFile; fileRef = 75936CDE1BE2F6CF005642E5 /* 22_Art.jpg */; };
		75936CF31BE2F6CF005642E5 /* 23_Art.jpg in Resources */ = {isa = PBXBuildFile; fileRef = 75936CDF1BE2F6CF005642E5 /* 23_Art.jpg */; };
		75936CF51BE2F6CF005642E5 /* 25_Art.jpg in Resources */ = {isa = PBXBuildFile; fileRef = 75936CE11BE2F6CF005642E5 /* 25_Art.jpg */; };
		75936CF71BE2F6CF005642E5 /* 27_Art.jpg in Resources */ = {isa = PBXBuildFile; fileRef = 75936CE31BE2F6CF005642E5 /* 27_Art.jpg */; };
		75936CF81BE2F6CF005642E5 /* 28_Art.jpg in Resources */ = {isa = PBXBuildFile; fileRef = 75936CE41BE2F6CF005642E5 /* 28_Art.jpg */; };
		75936CFA1BE2F6CF005642E5 /* 29_Art.jpg in Resources */ = {isa = PBXBuildFile; fileRef = 75936CE61BE2F6CF005642E5 /* 29_Art.jpg */; };
		75936CFC1BE2F6CF005642E5 /* 30_Art.jpg in Resources */ = {isa = PBXBuildFile; fileRef = 75936CE81BE2F6CF005642E5 /* 30_Art.jpg */; };
		75936CFD1BE2F6CF005642E5 /* 31_Art.jpg in Resources */ = {isa = PBXBuildFile; fileRef = 75936CE91BE2F6CF005642E5 /* 31_Art.jpg */; };
		75936CFE1BE2F6CF005642E5 /* 32_Art.jpg in Resources */ = {isa = PBXBuildFile; fileRef = 75936CEA1BE2F6CF005642E5 /* 32_Art.jpg */; };
		75936CFF1BE2F6CF005642E5 /* 33_Art.jpg in Resources */ = {isa = PBXBuildFile; fileRef = 75936CEB1BE2F6CF005642E5 /* 33_Art.jpg */; };
		75936D001BE2F6CF005642E5 /* 34_Art.jpg in Resources */ = {isa = PBXBuildFile; fileRef = 75936CEC1BE2F6CF005642E5 /* 34_Art.jpg */; };
		75936D011BE2F6CF005642E5 /* 35_Art.jpg in Resources */ = {isa = PBXBuildFile; fileRef = 75936CED1BE2F6CF005642E5 /* 35_Art.jpg */; };
		75936D021BE2F6CF005642E5 /* 37_Art.jpg in Resources */ = {isa = PBXBuildFile; fileRef = 75936CEE1BE2F6CF005642E5 /* 37_Art.jpg */; };
		75936D031BE2F6CF005642E5 /* 38_Art.jpg in Resources */ = {isa = PBXBuildFile; fileRef = 75936CEF1BE2F6CF005642E5 /* 38_Art.jpg */; };
		75936D041BE2F6CF005642E5 /* 39_Art.jpg in Resources */ = {isa = PBXBuildFile; fileRef = 75936CF01BE2F6CF005642E5 /* 39_Art.jpg */; };
		75936D061BE35910005642E5 /* 26_Art.jpg in Resources */ = {isa = PBXBuildFile; fileRef = 75936D051BE3590F005642E5 /* 26_Art.jpg */; };
		75A41D721BE5C30400FE50A0 /* OpenHouseFacultyAreaDetail.json in Resources */ = {isa = PBXBuildFile; fileRef = 75A41D711BE5C30400FE50A0 /* OpenHouseFacultyAreaDetail.json */; };
		75A41D751BE5F6AC00FE50A0 /* AboutUS.m in Sources */ = {isa = PBXBuildFile; fileRef = 75A41D741BE5F6AC00FE50A0 /* AboutUS.m */; };
		E998AA896A8DD8F8B779A28C /* Pods.framework in Frameworks */ = {isa = PBXBuildFile; fileRef = 999D8BB554E2A2914AD3A01C /* Pods.framework */; };
/* End PBXBuildFile section */

/* Begin PBXContainerItemProxy section */
		685B0DF71BCBBB400062BC91 /* PBXContainerItemProxy */ = {
			isa = PBXContainerItemProxy;
			containerPortal = 685B0DDA1BCBBB3F0062BC91 /* Project object */;
			proxyType = 1;
			remoteGlobalIDString = 685B0DE11BCBBB3F0062BC91;
			remoteInfo = OpenHouseOneFive;
		};
		685B0E021BCBBB400062BC91 /* PBXContainerItemProxy */ = {
			isa = PBXContainerItemProxy;
			containerPortal = 685B0DDA1BCBBB3F0062BC91 /* Project object */;
			proxyType = 1;
			remoteGlobalIDString = 685B0DE11BCBBB3F0062BC91;
			remoteInfo = OpenHouseOneFive;
		};
/* End PBXContainerItemProxy section */

/* Begin PBXFileReference section */
		4F72561A1BDF90F000852F8C /* CAPSPageMenu.swift */ = {isa = PBXFileReference; fileEncoding = 4; lastKnownFileType = sourcecode.swift; path = CAPSPageMenu.swift; sourceTree = "<group>"; };
		4F72561C1BDF90FF00852F8C /* ScheduleBaseView.swift */ = {isa = PBXFileReference; fileEncoding = 4; lastKnownFileType = sourcecode.swift; path = ScheduleBaseView.swift; sourceTree = "<group>"; };
		4F7256211BDF91F100852F8C /* SchedulePage01.swift */ = {isa = PBXFileReference; fileEncoding = 4; lastKnownFileType = sourcecode.swift; path = SchedulePage01.swift; sourceTree = "<group>"; };
		4F82DA091BDF9C0400FED6B3 /* SchedulePage.xib */ = {isa = PBXFileReference; fileEncoding = 4; lastKnownFileType = file.xib; path = SchedulePage.xib; sourceTree = "<group>"; };
		4F82DA0B1BDFE2EE00FED6B3 /* ScheduleCell.xib */ = {isa = PBXFileReference; fileEncoding = 4; lastKnownFileType = file.xib; path = ScheduleCell.xib; sourceTree = "<group>"; };
		4F82DA0D1BDFE37900FED6B3 /* ScheduleCellScript.swift */ = {isa = PBXFileReference; fileEncoding = 4; lastKnownFileType = sourcecode.swift; path = ScheduleCellScript.swift; sourceTree = "<group>"; };
		4F82DA0F1BDFF10300FED6B3 /* Schedule.json */ = {isa = PBXFileReference; fileEncoding = 4; lastKnownFileType = text.json; path = Schedule.json; sourceTree = "<group>"; };
		4F82DA111BE064E600FED6B3 /* NSDateExtension.swift */ = {isa = PBXFileReference; fileEncoding = 4; lastKnownFileType = sourcecode.swift; path = NSDateExtension.swift; sourceTree = "<group>"; };
		4F8BCC6F1BD731AE0012BA88 /* FAQViewController.swift */ = {isa = PBXFileReference; fileEncoding = 4; lastKnownFileType = sourcecode.swift; path = FAQViewController.swift; sourceTree = "<group>"; };
		4F8BCC711BD733440012BA88 /* FAQ.json */ = {isa = PBXFileReference; fileEncoding = 4; lastKnownFileType = text.json; path = FAQ.json; sourceTree = "<group>"; };
		4F8BCC731BD7A1BB0012BA88 /* TabViewController.swift */ = {isa = PBXFileReference; fileEncoding = 4; lastKnownFileType = sourcecode.swift; path = TabViewController.swift; sourceTree = "<group>"; };
		682405541BD1623900B95C99 /* NavigationController.swift */ = {isa = PBXFileReference; fileEncoding = 4; lastKnownFileType = sourcecode.swift; path = NavigationController.swift; sourceTree = "<group>"; };
		6826771C1BD5286800B3D6D5 /* Array2D.swift */ = {isa = PBXFileReference; fileEncoding = 4; lastKnownFileType = sourcecode.swift; path = Array2D.swift; sourceTree = "<group>"; };
		6826771E1BD5288300B3D6D5 /* Bingo.swift */ = {isa = PBXFileReference; fileEncoding = 4; lastKnownFileType = sourcecode.swift; path = Bingo.swift; sourceTree = "<group>"; };
		682677201BD528AF00B3D6D5 /* Tile.swift */ = {isa = PBXFileReference; fileEncoding = 4; lastKnownFileType = sourcecode.swift; path = Tile.swift; sourceTree = "<group>"; };
		682677221BD5297400B3D6D5 /* Extensions.swift */ = {isa = PBXFileReference; fileEncoding = 4; lastKnownFileType = sourcecode.swift; path = Extensions.swift; sourceTree = "<group>"; };
		682677251BD531CA00B3D6D5 /* Level_5.json */ = {isa = PBXFileReference; fileEncoding = 4; lastKnownFileType = text.json; path = Level_5.json; sourceTree = "<group>"; };
		682677271BD5344E00B3D6D5 /* BingoCollectionViewCell.swift */ = {isa = PBXFileReference; fileEncoding = 4; lastKnownFileType = sourcecode.swift; path = BingoCollectionViewCell.swift; sourceTree = "<group>"; };
		682FF46B1BDF968300217F9A /* OpenHouseOneFive-Bridging-Header.h */ = {isa = PBXFileReference; lastKnownFileType = sourcecode.c.h; path = "OpenHouseOneFive-Bridging-Header.h"; sourceTree = "<group>"; };
		68431C271BE109D5004DC850 /* cuOpenHouseRouteData.json */ = {isa = PBXFileReference; fileEncoding = 4; lastKnownFileType = text.json; path = cuOpenHouseRouteData.json; sourceTree = "<group>"; };
		6849449E1BE3A70A00622453 /* WebViewController.h */ = {isa = PBXFileReference; fileEncoding = 4; lastKnownFileType = sourcecode.c.h; path = WebViewController.h; sourceTree = "<group>"; };
		6849449F1BE3A70A00622453 /* WebViewController.m */ = {isa = PBXFileReference; fileEncoding = 4; lastKnownFileType = sourcecode.c.objc; path = WebViewController.m; sourceTree = "<group>"; };
		685B0DE21BCBBB3F0062BC91 /* OpenHouseOneFive.app */ = {isa = PBXFileReference; explicitFileType = wrapper.application; includeInIndex = 0; path = OpenHouseOneFive.app; sourceTree = BUILT_PRODUCTS_DIR; };
		685B0DE51BCBBB3F0062BC91 /* AppDelegate.swift */ = {isa = PBXFileReference; lastKnownFileType = sourcecode.swift; path = AppDelegate.swift; sourceTree = "<group>"; };
		685B0DE71BCBBB3F0062BC91 /* ViewController.swift */ = {isa = PBXFileReference; lastKnownFileType = sourcecode.swift; path = ViewController.swift; sourceTree = "<group>"; };
		685B0DEA1BCBBB3F0062BC91 /* Base */ = {isa = PBXFileReference; lastKnownFileType = file.storyboard; name = Base; path = Base.lproj/Main.storyboard; sourceTree = "<group>"; };
		685B0DEC1BCBBB400062BC91 /* Assets.xcassets */ = {isa = PBXFileReference; lastKnownFileType = folder.assetcatalog; path = Assets.xcassets; sourceTree = "<group>"; };
		685B0DEF1BCBBB400062BC91 /* Base */ = {isa = PBXFileReference; lastKnownFileType = file.storyboard; name = Base; path = Base.lproj/LaunchScreen.storyboard; sourceTree = "<group>"; };
		685B0DF11BCBBB400062BC91 /* Info.plist */ = {isa = PBXFileReference; lastKnownFileType = text.plist.xml; path = Info.plist; sourceTree = "<group>"; };
		685B0DF61BCBBB400062BC91 /* OpenHouseOneFiveTests.xctest */ = {isa = PBXFileReference; explicitFileType = wrapper.cfbundle; includeInIndex = 0; path = OpenHouseOneFiveTests.xctest; sourceTree = BUILT_PRODUCTS_DIR; };
		685B0DFA1BCBBB400062BC91 /* OpenHouseOneFiveTests.swift */ = {isa = PBXFileReference; lastKnownFileType = sourcecode.swift; path = OpenHouseOneFiveTests.swift; sourceTree = "<group>"; };
		685B0DFC1BCBBB400062BC91 /* Info.plist */ = {isa = PBXFileReference; lastKnownFileType = text.plist.xml; path = Info.plist; sourceTree = "<group>"; };
		685B0E011BCBBB400062BC91 /* OpenHouseOneFiveUITests.xctest */ = {isa = PBXFileReference; explicitFileType = wrapper.cfbundle; includeInIndex = 0; path = OpenHouseOneFiveUITests.xctest; sourceTree = BUILT_PRODUCTS_DIR; };
		685B0E051BCBBB400062BC91 /* OpenHouseOneFiveUITests.swift */ = {isa = PBXFileReference; lastKnownFileType = sourcecode.swift; path = OpenHouseOneFiveUITests.swift; sourceTree = "<group>"; };
		685B0E071BCBBB400062BC91 /* Info.plist */ = {isa = PBXFileReference; lastKnownFileType = text.plist.xml; path = Info.plist; sourceTree = "<group>"; };
		685B0E141BCBBB670062BC91 /* QRCodeReader.swift */ = {isa = PBXFileReference; fileEncoding = 4; lastKnownFileType = sourcecode.swift; path = QRCodeReader.swift; sourceTree = "<group>"; };
		685B0E151BCBBB670062BC91 /* QRCodeViewController.swift */ = {isa = PBXFileReference; fileEncoding = 4; lastKnownFileType = sourcecode.swift; path = QRCodeViewController.swift; sourceTree = "<group>"; };
		685B0E161BCBBB670062BC91 /* ReaderOverlayView.swift */ = {isa = PBXFileReference; fileEncoding = 4; lastKnownFileType = sourcecode.swift; path = ReaderOverlayView.swift; sourceTree = "<group>"; };
		685B0E171BCBBB670062BC91 /* SwitchCameraButton.swift */ = {isa = PBXFileReference; fileEncoding = 4; lastKnownFileType = sourcecode.swift; path = SwitchCameraButton.swift; sourceTree = "<group>"; };
		685B0E181BCBBB670062BC91 /* ToggleTorchButton.swift */ = {isa = PBXFileReference; fileEncoding = 4; lastKnownFileType = sourcecode.swift; path = ToggleTorchButton.swift; sourceTree = "<group>"; };
		688664661BD5F7DA004CD6B5 /* MapViewController.swift */ = {isa = PBXFileReference; fileEncoding = 4; lastKnownFileType = sourcecode.swift; path = MapViewController.swift; sourceTree = "<group>"; };
		689BCC761BD77FC40065EC02 /* faculty.json */ = {isa = PBXFileReference; fileEncoding = 4; lastKnownFileType = text.json; path = faculty.json; sourceTree = "<group>"; };
		689BCC7B1BD790200065EC02 /* BingoViewController.swift */ = {isa = PBXFileReference; fileEncoding = 4; lastKnownFileType = sourcecode.swift; path = BingoViewController.swift; sourceTree = "<group>"; };
		68B8BD3A1BE712D3007DFD36 /* GoogleService-Info.plist */ = {isa = PBXFileReference; fileEncoding = 4; lastKnownFileType = text.plist.xml; path = "GoogleService-Info.plist"; sourceTree = "<group>"; };
		68BF18AB1BE3460800FECDD6 /* HighlightViewController.swift */ = {isa = PBXFileReference; fileEncoding = 4; lastKnownFileType = sourcecode.swift; path = HighlightViewController.swift; sourceTree = "<group>"; };
		68D4FA381BE634A500166097 /* RBResizer.swift */ = {isa = PBXFileReference; fileEncoding = 4; lastKnownFileType = sourcecode.swift; path = RBResizer.swift; sourceTree = "<group>"; };
		68EA4A8B1BDF8BF2005E44D8 /* ThaiSansNeue-Bold.ttf */ = {isa = PBXFileReference; lastKnownFileType = file; path = "ThaiSansNeue-Bold.ttf"; sourceTree = "<group>"; };
		68EA4A8C1BDF8BF2005E44D8 /* ThaiSansNeue-Light.ttf */ = {isa = PBXFileReference; lastKnownFileType = file; path = "ThaiSansNeue-Light.ttf"; sourceTree = "<group>"; };
		68EA4A8D1BDF8BF2005E44D8 /* ThaiSansNeue-Regular.ttf */ = {isa = PBXFileReference; lastKnownFileType = file; path = "ThaiSansNeue-Regular.ttf"; sourceTree = "<group>"; };
		68EA4A8E1BDF8BF2005E44D8 /* ThaiSansNeue-UltraLight.ttf */ = {isa = PBXFileReference; lastKnownFileType = file; path = "ThaiSansNeue-UltraLight.ttf"; sourceTree = "<group>"; };
		68FF90241BD6906B006F96B0 /* TitleTableViewCell.swift */ = {isa = PBXFileReference; fileEncoding = 4; lastKnownFileType = sourcecode.swift; path = TitleTableViewCell.swift; sourceTree = "<group>"; };
		750A24801BE551FE00C06A37 /* close_button.png */ = {isa = PBXFileReference; lastKnownFileType = image.png; path = close_button.png; sourceTree = "<group>"; };
		750A24811BE551FE00C06A37 /* sticker_21.png */ = {isa = PBXFileReference; lastKnownFileType = image.png; path = sticker_21.png; sourceTree = "<group>"; };
		750A24821BE551FE00C06A37 /* sticker_22.png */ = {isa = PBXFileReference; lastKnownFileType = image.png; path = sticker_22.png; sourceTree = "<group>"; };
		750A24831BE551FE00C06A37 /* sticker_23.png */ = {isa = PBXFileReference; lastKnownFileType = image.png; path = sticker_23.png; sourceTree = "<group>"; };
		750A24841BE551FE00C06A37 /* sticker_24.png */ = {isa = PBXFileReference; lastKnownFileType = image.png; path = sticker_24.png; sourceTree = "<group>"; };
		750A24851BE551FE00C06A37 /* sticker_25.png */ = {isa = PBXFileReference; lastKnownFileType = image.png; path = sticker_25.png; sourceTree = "<group>"; };
		750A24861BE551FE00C06A37 /* sticker_26.png */ = {isa = PBXFileReference; lastKnownFileType = image.png; path = sticker_26.png; sourceTree = "<group>"; };
		750A24871BE551FE00C06A37 /* sticker_27.png */ = {isa = PBXFileReference; lastKnownFileType = image.png; path = sticker_27.png; sourceTree = "<group>"; };
		750A24881BE551FE00C06A37 /* sticker_28.png */ = {isa = PBXFileReference; lastKnownFileType = image.png; path = sticker_28.png; sourceTree = "<group>"; };
		750A24891BE551FE00C06A37 /* sticker_29.png */ = {isa = PBXFileReference; lastKnownFileType = image.png; path = sticker_29.png; sourceTree = "<group>"; };
		750A248A1BE551FE00C06A37 /* sticker_30.png */ = {isa = PBXFileReference; lastKnownFileType = image.png; path = sticker_30.png; sourceTree = "<group>"; };
		750A248B1BE551FE00C06A37 /* sticker_31.png */ = {isa = PBXFileReference; lastKnownFileType = image.png; path = sticker_31.png; sourceTree = "<group>"; };
		750A248C1BE551FE00C06A37 /* sticker_32.png */ = {isa = PBXFileReference; lastKnownFileType = image.png; path = sticker_32.png; sourceTree = "<group>"; };
		750A248D1BE551FE00C06A37 /* sticker_33.png */ = {isa = PBXFileReference; lastKnownFileType = image.png; path = sticker_33.png; sourceTree = "<group>"; };
		750A248E1BE551FE00C06A37 /* sticker_34.png */ = {isa = PBXFileReference; lastKnownFileType = image.png; path = sticker_34.png; sourceTree = "<group>"; };
		750A248F1BE551FE00C06A37 /* sticker_35.png */ = {isa = PBXFileReference; lastKnownFileType = image.png; path = sticker_35.png; sourceTree = "<group>"; };
		750A24901BE551FE00C06A37 /* sticker_37.png */ = {isa = PBXFileReference; lastKnownFileType = image.png; path = sticker_37.png; sourceTree = "<group>"; };
		750A24911BE551FE00C06A37 /* sticker_38.png */ = {isa = PBXFileReference; lastKnownFileType = image.png; path = sticker_38.png; sourceTree = "<group>"; };
		750A24921BE551FE00C06A37 /* sticker_39.png */ = {isa = PBXFileReference; lastKnownFileType = image.png; path = sticker_39.png; sourceTree = "<group>"; };
		750A24931BE551FE00C06A37 /* sticker_40.png */ = {isa = PBXFileReference; lastKnownFileType = image.png; path = sticker_40.png; sourceTree = "<group>"; };
		754C41361BE7A16F0039F5DB /* 24_Art.jpg */ = {isa = PBXFileReference; lastKnownFileType = image.jpeg; path = 24_Art.jpg; sourceTree = "<group>"; };
		754C41381BE7A3830039F5DB /* V2 */ = {isa = PBXFileReference; lastKnownFileType = folder; path = V2; sourceTree = "<group>"; };
		754C413C1BE7CBD90039F5DB /* 40_Art.jpg */ = {isa = PBXFileReference; lastKnownFileType = image.jpeg; path = 40_Art.jpg; sourceTree = "<group>"; };
		75936CD51BE29E64005642E5 /* highlight.json */ = {isa = PBXFileReference; fileEncoding = 4; lastKnownFileType = text.json; path = highlight.json; sourceTree = "<group>"; };
		75936CDA1BE2B363005642E5 /* HighLightJsonParser.swift */ = {isa = PBXFileReference; fileEncoding = 4; lastKnownFileType = sourcecode.swift; path = HighLightJsonParser.swift; sourceTree = "<group>"; };
		75936CDD1BE2F6CF005642E5 /* 21_Art.jpg */ = {isa = PBXFileReference; lastKnownFileType = image.jpeg; path = 21_Art.jpg; sourceTree = "<group>"; };
		75936CDE1BE2F6CF005642E5 /* 22_Art.jpg */ = {isa = PBXFileReference; lastKnownFileType = image.jpeg; path = 22_Art.jpg; sourceTree = "<group>"; };
		75936CDF1BE2F6CF005642E5 /* 23_Art.jpg */ = {isa = PBXFileReference; lastKnownFileType = image.jpeg; path = 23_Art.jpg; sourceTree = "<group>"; };
		75936CE11BE2F6CF005642E5 /* 25_Art.jpg */ = {isa = PBXFileReference; lastKnownFileType = image.jpeg; path = 25_Art.jpg; sourceTree = "<group>"; };
		75936CE31BE2F6CF005642E5 /* 27_Art.jpg */ = {isa = PBXFileReference; lastKnownFileType = image.jpeg; path = 27_Art.jpg; sourceTree = "<group>"; };
		75936CE41BE2F6CF005642E5 /* 28_Art.jpg */ = {isa = PBXFileReference; lastKnownFileType = image.jpeg; path = 28_Art.jpg; sourceTree = "<group>"; };
		75936CE61BE2F6CF005642E5 /* 29_Art.jpg */ = {isa = PBXFileReference; lastKnownFileType = image.jpeg; path = 29_Art.jpg; sourceTree = "<group>"; };
		75936CE81BE2F6CF005642E5 /* 30_Art.jpg */ = {isa = PBXFileReference; lastKnownFileType = image.jpeg; path = 30_Art.jpg; sourceTree = "<group>"; };
		75936CE91BE2F6CF005642E5 /* 31_Art.jpg */ = {isa = PBXFileReference; lastKnownFileType = image.jpeg; path = 31_Art.jpg; sourceTree = "<group>"; };
		75936CEA1BE2F6CF005642E5 /* 32_Art.jpg */ = {isa = PBXFileReference; lastKnownFileType = image.jpeg; path = 32_Art.jpg; sourceTree = "<group>"; };
		75936CEB1BE2F6CF005642E5 /* 33_Art.jpg */ = {isa = PBXFileReference; lastKnownFileType = image.jpeg; path = 33_Art.jpg; sourceTree = "<group>"; };
		75936CEC1BE2F6CF005642E5 /* 34_Art.jpg */ = {isa = PBXFileReference; lastKnownFileType = image.jpeg; path = 34_Art.jpg; sourceTree = "<group>"; };
		75936CED1BE2F6CF005642E5 /* 35_Art.jpg */ = {isa = PBXFileReference; lastKnownFileType = image.jpeg; path = 35_Art.jpg; sourceTree = "<group>"; };
		75936CEE1BE2F6CF005642E5 /* 37_Art.jpg */ = {isa = PBXFileReference; lastKnownFileType = image.jpeg; path = 37_Art.jpg; sourceTree = "<group>"; };
		75936CEF1BE2F6CF005642E5 /* 38_Art.jpg */ = {isa = PBXFileReference; lastKnownFileType = image.jpeg; path = 38_Art.jpg; sourceTree = "<group>"; };
		75936CF01BE2F6CF005642E5 /* 39_Art.jpg */ = {isa = PBXFileReference; lastKnownFileType = image.jpeg; path = 39_Art.jpg; sourceTree = "<group>"; };
		75936D051BE3590F005642E5 /* 26_Art.jpg */ = {isa = PBXFileReference; lastKnownFileType = image.jpeg; path = 26_Art.jpg; sourceTree = "<group>"; };
		75936D081BE361A3005642E5 /* HighlightDetail.h */ = {isa = PBXFileReference; fileEncoding = 4; lastKnownFileType = sourcecode.c.h; path = HighlightDetail.h; sourceTree = "<group>"; };
		75936D091BE361A3005642E5 /* HighlightDetail.m */ = {isa = PBXFileReference; fileEncoding = 4; lastKnownFileType = sourcecode.c.objc; path = HighlightDetail.m; sourceTree = "<group>"; };
		75A41D711BE5C30400FE50A0 /* OpenHouseFacultyAreaDetail.json */ = {isa = PBXFileReference; fileEncoding = 4; lastKnownFileType = text.json; path = OpenHouseFacultyAreaDetail.json; sourceTree = "<group>"; };
		75A41D731BE5F6AC00FE50A0 /* AboutUS.h */ = {isa = PBXFileReference; fileEncoding = 4; lastKnownFileType = sourcecode.c.h; path = AboutUS.h; sourceTree = "<group>"; };
		75A41D741BE5F6AC00FE50A0 /* AboutUS.m */ = {isa = PBXFileReference; fileEncoding = 4; lastKnownFileType = sourcecode.c.objc; path = AboutUS.m; sourceTree = "<group>"; };
		7B9403EFE43B1F5F5FB922BE /* Pods.release.xcconfig */ = {isa = PBXFileReference; includeInIndex = 1; lastKnownFileType = text.xcconfig; name = Pods.release.xcconfig; path = "Pods/Target Support Files/Pods/Pods.release.xcconfig"; sourceTree = "<group>"; };
		999D8BB554E2A2914AD3A01C /* Pods.framework */ = {isa = PBXFileReference; explicitFileType = wrapper.framework; includeInIndex = 0; path = Pods.framework; sourceTree = BUILT_PRODUCTS_DIR; };
		B2A57062083E122CEDF46AD1 /* Pods_OpenHouseOneFive.framework */ = {isa = PBXFileReference; explicitFileType = wrapper.framework; includeInIndex = 0; path = Pods_OpenHouseOneFive.framework; sourceTree = BUILT_PRODUCTS_DIR; };
		BE51DA5727BFF817F72037D6 /* Pods.debug.xcconfig */ = {isa = PBXFileReference; includeInIndex = 1; lastKnownFileType = text.xcconfig; name = Pods.debug.xcconfig; path = "Pods/Target Support Files/Pods/Pods.debug.xcconfig"; sourceTree = "<group>"; };
/* End PBXFileReference section */

/* Begin PBXFrameworksBuildPhase section */
		685B0DDF1BCBBB3F0062BC91 /* Frameworks */ = {
			isa = PBXFrameworksBuildPhase;
			buildActionMask = 2147483647;
			files = (
				E998AA896A8DD8F8B779A28C /* Pods.framework in Frameworks */,
			);
			runOnlyForDeploymentPostprocessing = 0;
		};
		685B0DF31BCBBB400062BC91 /* Frameworks */ = {
			isa = PBXFrameworksBuildPhase;
			buildActionMask = 2147483647;
			files = (
			);
			runOnlyForDeploymentPostprocessing = 0;
		};
		685B0DFE1BCBBB400062BC91 /* Frameworks */ = {
			isa = PBXFrameworksBuildPhase;
			buildActionMask = 2147483647;
			files = (
			);
			runOnlyForDeploymentPostprocessing = 0;
		};
/* End PBXFrameworksBuildPhase section */

/* Begin PBXGroup section */
		4A089DAD059C84B66C16279A /* Pods */ = {
			isa = PBXGroup;
			children = (
				BE51DA5727BFF817F72037D6 /* Pods.debug.xcconfig */,
				7B9403EFE43B1F5F5FB922BE /* Pods.release.xcconfig */,
			);
			name = Pods;
			sourceTree = "<group>";
		};
		4F72561E1BDF910500852F8C /* Paging */ = {
			isa = PBXGroup;
			children = (
				4F72561A1BDF90F000852F8C /* CAPSPageMenu.swift */,
				4F82DA091BDF9C0400FED6B3 /* SchedulePage.xib */,
				4F82DA0B1BDFE2EE00FED6B3 /* ScheduleCell.xib */,
				4F82DA0D1BDFE37900FED6B3 /* ScheduleCellScript.swift */,
				4F72561C1BDF90FF00852F8C /* ScheduleBaseView.swift */,
				4F7256211BDF91F100852F8C /* SchedulePage01.swift */,
			);
			name = Paging;
			sourceTree = "<group>";
		};
		685B0DD91BCBBB3F0062BC91 = {
			isa = PBXGroup;
			children = (
				754C41381BE7A3830039F5DB /* V2 */,
				685B0DE41BCBBB3F0062BC91 /* OpenHouseOneFive */,
				685B0DF91BCBBB400062BC91 /* OpenHouseOneFiveTests */,
				685B0E041BCBBB400062BC91 /* OpenHouseOneFiveUITests */,
				685B0DE31BCBBB3F0062BC91 /* Products */,
				68B8BD3A1BE712D3007DFD36 /* GoogleService-Info.plist */,
				68431C271BE109D5004DC850 /* cuOpenHouseRouteData.json */,
				682677251BD531CA00B3D6D5 /* Level_5.json */,
				689BCC761BD77FC40065EC02 /* faculty.json */,
				68EA4A931BDF8BFA005E44D8 /* Font */,
				4A089DAD059C84B66C16279A /* Pods */,
				8CB0E8A0F0B68D91E8BB2AFD /* Frameworks */,
			);
			sourceTree = "<group>";
		};
		685B0DE31BCBBB3F0062BC91 /* Products */ = {
			isa = PBXGroup;
			children = (
				685B0DE21BCBBB3F0062BC91 /* OpenHouseOneFive.app */,
				685B0DF61BCBBB400062BC91 /* OpenHouseOneFiveTests.xctest */,
				685B0E011BCBBB400062BC91 /* OpenHouseOneFiveUITests.xctest */,
			);
			name = Products;
			sourceTree = "<group>";
		};
		685B0DE41BCBBB3F0062BC91 /* OpenHouseOneFive */ = {
			isa = PBXGroup;
			children = (
				7547D8911BE4FA2B001BF513 /* WebView */,
				6826771C1BD5286800B3D6D5 /* Array2D.swift */,
				75936CD51BE29E64005642E5 /* highlight.json */,
				4F82DA0F1BDFF10300FED6B3 /* Schedule.json */,
				75936CCE1BE2804D005642E5 /* Highlight */,
				4F72561E1BDF910500852F8C /* Paging */,
				685B0E131BCBBB670062BC91 /* QRCodeReader */,
				685B0DE51BCBBB3F0062BC91 /* AppDelegate.swift */,
				4F82DA111BE064E600FED6B3 /* NSDateExtension.swift */,
				688664661BD5F7DA004CD6B5 /* MapViewController.swift */,
				685B0DE71BCBBB3F0062BC91 /* ViewController.swift */,
				68FF90241BD6906B006F96B0 /* TitleTableViewCell.swift */,
				682677201BD528AF00B3D6D5 /* Tile.swift */,
				682677221BD5297400B3D6D5 /* Extensions.swift */,
				6826771E1BD5288300B3D6D5 /* Bingo.swift */,
				689BCC7B1BD790200065EC02 /* BingoViewController.swift */,
				685B0DE91BCBBB3F0062BC91 /* Main.storyboard */,
				75A41D731BE5F6AC00FE50A0 /* AboutUS.h */,
				75A41D741BE5F6AC00FE50A0 /* AboutUS.m */,
				6849449E1BE3A70A00622453 /* WebViewController.h */,
				6849449F1BE3A70A00622453 /* WebViewController.m */,
				68BF18AB1BE3460800FECDD6 /* HighlightViewController.swift */,
				4F8BCC6F1BD731AE0012BA88 /* FAQViewController.swift */,
				75A41D711BE5C30400FE50A0 /* OpenHouseFacultyAreaDetail.json */,
				68D4FA381BE634A500166097 /* RBResizer.swift */,
				4F8BCC711BD733440012BA88 /* FAQ.json */,
				682677271BD5344E00B3D6D5 /* BingoCollectionViewCell.swift */,
				682405541BD1623900B95C99 /* NavigationController.swift */,
				685B0DEC1BCBBB400062BC91 /* Assets.xcassets */,
				685B0DEE1BCBBB400062BC91 /* LaunchScreen.storyboard */,
				685B0DF11BCBBB400062BC91 /* Info.plist */,
				4F8BCC731BD7A1BB0012BA88 /* TabViewController.swift */,
				682FF46B1BDF968300217F9A /* OpenHouseOneFive-Bridging-Header.h */,
			);
			path = OpenHouseOneFive;
			sourceTree = "<group>";
		};
		685B0DF91BCBBB400062BC91 /* OpenHouseOneFiveTests */ = {
			isa = PBXGroup;
			children = (
				685B0DFA1BCBBB400062BC91 /* OpenHouseOneFiveTests.swift */,
				685B0DFC1BCBBB400062BC91 /* Info.plist */,
			);
			path = OpenHouseOneFiveTests;
			sourceTree = "<group>";
		};
		685B0E041BCBBB400062BC91 /* OpenHouseOneFiveUITests */ = {
			isa = PBXGroup;
			children = (
				685B0E051BCBBB400062BC91 /* OpenHouseOneFiveUITests.swift */,
				685B0E071BCBBB400062BC91 /* Info.plist */,
			);
			path = OpenHouseOneFiveUITests;
			sourceTree = "<group>";
		};
		685B0E131BCBBB670062BC91 /* QRCodeReader */ = {
			isa = PBXGroup;
			children = (
				685B0E141BCBBB670062BC91 /* QRCodeReader.swift */,
				685B0E151BCBBB670062BC91 /* QRCodeViewController.swift */,
				685B0E161BCBBB670062BC91 /* ReaderOverlayView.swift */,
				685B0E171BCBBB670062BC91 /* SwitchCameraButton.swift */,
				685B0E181BCBBB670062BC91 /* ToggleTorchButton.swift */,
			);
			path = QRCodeReader;
			sourceTree = "<group>";
		};
		68EA4A931BDF8BFA005E44D8 /* Font */ = {
			isa = PBXGroup;
			children = (
				68EA4A8B1BDF8BF2005E44D8 /* ThaiSansNeue-Bold.ttf */,
				68EA4A8C1BDF8BF2005E44D8 /* ThaiSansNeue-Light.ttf */,
				68EA4A8D1BDF8BF2005E44D8 /* ThaiSansNeue-Regular.ttf */,
				68EA4A8E1BDF8BF2005E44D8 /* ThaiSansNeue-UltraLight.ttf */,
			);
			name = Font;
			path = OpenHouseOneFive;
			sourceTree = "<group>";
		};
		750A247F1BE551FE00C06A37 /* highlight-detail-assets */ = {
			isa = PBXGroup;
			children = (
				750A24801BE551FE00C06A37 /* close_button.png */,
				750A24811BE551FE00C06A37 /* sticker_21.png */,
				750A24821BE551FE00C06A37 /* sticker_22.png */,
				750A24831BE551FE00C06A37 /* sticker_23.png */,
				750A24841BE551FE00C06A37 /* sticker_24.png */,
				750A24851BE551FE00C06A37 /* sticker_25.png */,
				750A24861BE551FE00C06A37 /* sticker_26.png */,
				750A24871BE551FE00C06A37 /* sticker_27.png */,
				750A24881BE551FE00C06A37 /* sticker_28.png */,
				750A24891BE551FE00C06A37 /* sticker_29.png */,
				750A248A1BE551FE00C06A37 /* sticker_30.png */,
				750A248B1BE551FE00C06A37 /* sticker_31.png */,
				750A248C1BE551FE00C06A37 /* sticker_32.png */,
				750A248D1BE551FE00C06A37 /* sticker_33.png */,
				750A248E1BE551FE00C06A37 /* sticker_34.png */,
				750A248F1BE551FE00C06A37 /* sticker_35.png */,
				750A24901BE551FE00C06A37 /* sticker_37.png */,
				750A24911BE551FE00C06A37 /* sticker_38.png */,
				750A24921BE551FE00C06A37 /* sticker_39.png */,
				750A24931BE551FE00C06A37 /* sticker_40.png */,
			);
			path = "highlight-detail-assets";
			sourceTree = "<group>";
		};
		7547D8911BE4FA2B001BF513 /* WebView */ = {
			isa = PBXGroup;
			children = (
				7547D8A81BE4FA2B001BF513 /* css */,
				7547D8B21BE4FA2B001BF513 /* fonts */,
				7547D8D51BE4FA2B001BF513 /* img */,
				7547D8F91BE4FA2B001BF513 /* js */,
			);
			path = WebView;
			sourceTree = "<group>";
		};
		7547D8A81BE4FA2B001BF513 /* css */ = {
			isa = PBXGroup;
			children = (
			);
			path = css;
			sourceTree = "<group>";
		};
		7547D8B21BE4FA2B001BF513 /* fonts */ = {
			isa = PBXGroup;
			children = (
			);
			path = fonts;
			sourceTree = "<group>";
		};
		7547D8D51BE4FA2B001BF513 /* img */ = {
			isa = PBXGroup;
			children = (
			);
			path = img;
			sourceTree = "<group>";
		};
		7547D8F91BE4FA2B001BF513 /* js */ = {
			isa = PBXGroup;
			children = (
			);
			path = js;
			sourceTree = "<group>";
		};
		75936CCE1BE2804D005642E5 /* Highlight */ = {
			isa = PBXGroup;
			children = (
				750A247F1BE551FE00C06A37 /* highlight-detail-assets */,
				75936CDC1BE2F6CF005642E5 /* ArtWork */,
				75936CDA1BE2B363005642E5 /* HighLightJsonParser.swift */,
				75936D081BE361A3005642E5 /* HighlightDetail.h */,
				75936D091BE361A3005642E5 /* HighlightDetail.m */,
			);
			name = Highlight;
			path = ..;
			sourceTree = "<group>";
		};
		75936CDC1BE2F6CF005642E5 /* ArtWork */ = {
			isa = PBXGroup;
			children = (
				75936CDD1BE2F6CF005642E5 /* 21_Art.jpg */,
				75936CDE1BE2F6CF005642E5 /* 22_Art.jpg */,
				75936CDF1BE2F6CF005642E5 /* 23_Art.jpg */,
				75936CE11BE2F6CF005642E5 /* 25_Art.jpg */,
				75936D051BE3590F005642E5 /* 26_Art.jpg */,
				75936CE31BE2F6CF005642E5 /* 27_Art.jpg */,
				75936CE41BE2F6CF005642E5 /* 28_Art.jpg */,
				754C413C1BE7CBD90039F5DB /* 40_Art.jpg */,
				75936CE61BE2F6CF005642E5 /* 29_Art.jpg */,
				75936CE81BE2F6CF005642E5 /* 30_Art.jpg */,
				75936CE91BE2F6CF005642E5 /* 31_Art.jpg */,
				754C41361BE7A16F0039F5DB /* 24_Art.jpg */,
				75936CEA1BE2F6CF005642E5 /* 32_Art.jpg */,
				75936CEB1BE2F6CF005642E5 /* 33_Art.jpg */,
				75936CEC1BE2F6CF005642E5 /* 34_Art.jpg */,
				75936CED1BE2F6CF005642E5 /* 35_Art.jpg */,
				75936CEE1BE2F6CF005642E5 /* 37_Art.jpg */,
				75936CEF1BE2F6CF005642E5 /* 38_Art.jpg */,
				75936CF01BE2F6CF005642E5 /* 39_Art.jpg */,
			);
			path = ArtWork;
			sourceTree = "<group>";
		};
		8CB0E8A0F0B68D91E8BB2AFD /* Frameworks */ = {
			isa = PBXGroup;
			children = (
				B2A57062083E122CEDF46AD1 /* Pods_OpenHouseOneFive.framework */,
				999D8BB554E2A2914AD3A01C /* Pods.framework */,
			);
			name = Frameworks;
			sourceTree = "<group>";
		};
/* End PBXGroup section */

/* Begin PBXNativeTarget section */
		685B0DE11BCBBB3F0062BC91 /* OpenHouseOneFive */ = {
			isa = PBXNativeTarget;
			buildConfigurationList = 685B0E0A1BCBBB400062BC91 /* Build configuration list for PBXNativeTarget "OpenHouseOneFive" */;
			buildPhases = (
				403706B92ACC5A74928B0A3E /* Check Pods Manifest.lock */,
				685B0DDE1BCBBB3F0062BC91 /* Sources */,
				685B0DDF1BCBBB3F0062BC91 /* Frameworks */,
				685B0DE01BCBBB3F0062BC91 /* Resources */,
				4C934DB1165C62A7BD056E7F /* Embed Pods Frameworks */,
				835B2A642C67AA73406B8639 /* Copy Pods Resources */,
			);
			buildRules = (
			);
			dependencies = (
			);
			name = OpenHouseOneFive;
			productName = OpenHouseOneFive;
			productReference = 685B0DE21BCBBB3F0062BC91 /* OpenHouseOneFive.app */;
			productType = "com.apple.product-type.application";
		};
		685B0DF51BCBBB400062BC91 /* OpenHouseOneFiveTests */ = {
			isa = PBXNativeTarget;
			buildConfigurationList = 685B0E0D1BCBBB400062BC91 /* Build configuration list for PBXNativeTarget "OpenHouseOneFiveTests" */;
			buildPhases = (
				685B0DF21BCBBB400062BC91 /* Sources */,
				685B0DF31BCBBB400062BC91 /* Frameworks */,
				685B0DF41BCBBB400062BC91 /* Resources */,
			);
			buildRules = (
			);
			dependencies = (
				685B0DF81BCBBB400062BC91 /* PBXTargetDependency */,
			);
			name = OpenHouseOneFiveTests;
			productName = OpenHouseOneFiveTests;
			productReference = 685B0DF61BCBBB400062BC91 /* OpenHouseOneFiveTests.xctest */;
			productType = "com.apple.product-type.bundle.unit-test";
		};
		685B0E001BCBBB400062BC91 /* OpenHouseOneFiveUITests */ = {
			isa = PBXNativeTarget;
			buildConfigurationList = 685B0E101BCBBB400062BC91 /* Build configuration list for PBXNativeTarget "OpenHouseOneFiveUITests" */;
			buildPhases = (
				685B0DFD1BCBBB400062BC91 /* Sources */,
				685B0DFE1BCBBB400062BC91 /* Frameworks */,
				685B0DFF1BCBBB400062BC91 /* Resources */,
			);
			buildRules = (
			);
			dependencies = (
				685B0E031BCBBB400062BC91 /* PBXTargetDependency */,
			);
			name = OpenHouseOneFiveUITests;
			productName = OpenHouseOneFiveUITests;
			productReference = 685B0E011BCBBB400062BC91 /* OpenHouseOneFiveUITests.xctest */;
			productType = "com.apple.product-type.bundle.ui-testing";
		};
/* End PBXNativeTarget section */

/* Begin PBXProject section */
		685B0DDA1BCBBB3F0062BC91 /* Project object */ = {
			isa = PBXProject;
			attributes = {
				LastSwiftUpdateCheck = 0710;
				LastUpgradeCheck = 0700;
				ORGANIZATIONNAME = Thinc;
				TargetAttributes = {
					685B0DE11BCBBB3F0062BC91 = {
						CreatedOnToolsVersion = 7.0.1;
						DevelopmentTeam = 5VSYW3XV2E;
					};
					685B0DF51BCBBB400062BC91 = {
						CreatedOnToolsVersion = 7.0.1;
						TestTargetID = 685B0DE11BCBBB3F0062BC91;
					};
					685B0E001BCBBB400062BC91 = {
						CreatedOnToolsVersion = 7.0.1;
						TestTargetID = 685B0DE11BCBBB3F0062BC91;
					};
				};
			};
			buildConfigurationList = 685B0DDD1BCBBB3F0062BC91 /* Build configuration list for PBXProject "OpenHouseOneFive" */;
			compatibilityVersion = "Xcode 3.2";
			developmentRegion = English;
			hasScannedForEncodings = 0;
			knownRegions = (
				en,
				Base,
			);
			mainGroup = 685B0DD91BCBBB3F0062BC91;
			productRefGroup = 685B0DE31BCBBB3F0062BC91 /* Products */;
			projectDirPath = "";
			projectRoot = "";
			targets = (
				685B0DE11BCBBB3F0062BC91 /* OpenHouseOneFive */,
				685B0DF51BCBBB400062BC91 /* OpenHouseOneFiveTests */,
				685B0E001BCBBB400062BC91 /* OpenHouseOneFiveUITests */,
			);
		};
/* End PBXProject section */

/* Begin PBXResourcesBuildPhase section */
		685B0DE01BCBBB3F0062BC91 /* Resources */ = {
			isa = PBXResourcesBuildPhase;
			buildActionMask = 2147483647;
			files = (
				75936D001BE2F6CF005642E5 /* 34_Art.jpg in Resources */,
				689BCC771BD77FC40065EC02 /* faculty.json in Resources */,
				75936CFE1BE2F6CF005642E5 /* 32_Art.jpg in Resources */,
				75936D021BE2F6CF005642E5 /* 37_Art.jpg in Resources */,
				750A24A01BE551FE00C06A37 /* sticker_32.png in Resources */,
				750A24A31BE551FE00C06A37 /* sticker_35.png in Resources */,
				75936CD61BE29E64005642E5 /* highlight.json in Resources */,
				750A249C1BE551FE00C06A37 /* sticker_28.png in Resources */,
				750A24A51BE551FE00C06A37 /* sticker_38.png in Resources */,
				75936CF51BE2F6CF005642E5 /* 25_Art.jpg in Resources */,
				75936CFD1BE2F6CF005642E5 /* 31_Art.jpg in Resources */,
				75936CF11BE2F6CF005642E5 /* 21_Art.jpg in Resources */,
				75936D011BE2F6CF005642E5 /* 35_Art.jpg in Resources */,
				682677261BD531CA00B3D6D5 /* Level_5.json in Resources */,
				75936CF21BE2F6CF005642E5 /* 22_Art.jpg in Resources */,
				4F82DA0C1BDFE2EE00FED6B3 /* ScheduleCell.xib in Resources */,
				750A24A41BE551FE00C06A37 /* sticker_37.png in Resources */,
				754C413D1BE7CBD90039F5DB /* 40_Art.jpg in Resources */,
				750A249F1BE551FE00C06A37 /* sticker_31.png in Resources */,
				754C41391BE7A3830039F5DB /* V2 in Resources */,
				685B0DF01BCBBB400062BC91 /* LaunchScreen.storyboard in Resources */,
				685B0DED1BCBBB400062BC91 /* Assets.xcassets in Resources */,
				75936CFC1BE2F6CF005642E5 /* 30_Art.jpg in Resources */,
				750A249D1BE551FE00C06A37 /* sticker_29.png in Resources */,
				68EA4A911BDF8BF2005E44D8 /* ThaiSansNeue-Regular.ttf in Resources */,
				750A24A71BE551FE00C06A37 /* sticker_40.png in Resources */,
				75936CFF1BE2F6CF005642E5 /* 33_Art.jpg in Resources */,
				685B0DEB1BCBBB3F0062BC91 /* Main.storyboard in Resources */,
				4F8BCC721BD733440012BA88 /* FAQ.json in Resources */,
				750A24991BE551FE00C06A37 /* sticker_25.png in Resources */,
				75A41D721BE5C30400FE50A0 /* OpenHouseFacultyAreaDetail.json in Resources */,
				68431C281BE109D5004DC850 /* cuOpenHouseRouteData.json in Resources */,
				75936D041BE2F6CF005642E5 /* 39_Art.jpg in Resources */,
				750A24971BE551FE00C06A37 /* sticker_23.png in Resources */,
				750A24A61BE551FE00C06A37 /* sticker_39.png in Resources */,
				750A24961BE551FE00C06A37 /* sticker_22.png in Resources */,
				75936CF71BE2F6CF005642E5 /* 27_Art.jpg in Resources */,
				68EA4A8F1BDF8BF2005E44D8 /* ThaiSansNeue-Bold.ttf in Resources */,
				4F82DA0A1BDF9C0400FED6B3 /* SchedulePage.xib in Resources */,
				754C41371BE7A16F0039F5DB /* 24_Art.jpg in Resources */,
				75936CF31BE2F6CF005642E5 /* 23_Art.jpg in Resources */,
				75936CF81BE2F6CF005642E5 /* 28_Art.jpg in Resources */,
				68B8BD3B1BE712D3007DFD36 /* GoogleService-Info.plist in Resources */,
				68EA4A921BDF8BF2005E44D8 /* ThaiSansNeue-UltraLight.ttf in Resources */,
				75936CFA1BE2F6CF005642E5 /* 29_Art.jpg in Resources */,
				750A24981BE551FE00C06A37 /* sticker_24.png in Resources */,
				75936D061BE35910005642E5 /* 26_Art.jpg in Resources */,
				75936D031BE2F6CF005642E5 /* 38_Art.jpg in Resources */,
				750A24951BE551FE00C06A37 /* sticker_21.png in Resources */,
				750A249A1BE551FE00C06A37 /* sticker_26.png in Resources */,
				750A249E1BE551FE00C06A37 /* sticker_30.png in Resources */,
				750A24A11BE551FE00C06A37 /* sticker_33.png in Resources */,
				750A24A21BE551FE00C06A37 /* sticker_34.png in Resources */,
				750A249B1BE551FE00C06A37 /* sticker_27.png in Resources */,
				750A24941BE551FE00C06A37 /* close_button.png in Resources */,
				4F82DA101BDFF10300FED6B3 /* Schedule.json in Resources */,
				68EA4A901BDF8BF2005E44D8 /* ThaiSansNeue-Light.ttf in Resources */,
			);
			runOnlyForDeploymentPostprocessing = 0;
		};
		685B0DF41BCBBB400062BC91 /* Resources */ = {
			isa = PBXResourcesBuildPhase;
			buildActionMask = 2147483647;
			files = (
			);
			runOnlyForDeploymentPostprocessing = 0;
		};
		685B0DFF1BCBBB400062BC91 /* Resources */ = {
			isa = PBXResourcesBuildPhase;
			buildActionMask = 2147483647;
			files = (
			);
			runOnlyForDeploymentPostprocessing = 0;
		};
/* End PBXResourcesBuildPhase section */

/* Begin PBXShellScriptBuildPhase section */
		403706B92ACC5A74928B0A3E /* Check Pods Manifest.lock */ = {
			isa = PBXShellScriptBuildPhase;
			buildActionMask = 2147483647;
			files = (
			);
			inputPaths = (
			);
			name = "Check Pods Manifest.lock";
			outputPaths = (
			);
			runOnlyForDeploymentPostprocessing = 0;
			shellPath = /bin/sh;
			shellScript = "diff \"${PODS_ROOT}/../Podfile.lock\" \"${PODS_ROOT}/Manifest.lock\" > /dev/null\nif [[ $? != 0 ]] ; then\n    cat << EOM\nerror: The sandbox is not in sync with the Podfile.lock. Run 'pod install' or update your CocoaPods installation.\nEOM\n    exit 1\nfi\n";
			showEnvVarsInLog = 0;
		};
		4C934DB1165C62A7BD056E7F /* Embed Pods Frameworks */ = {
			isa = PBXShellScriptBuildPhase;
			buildActionMask = 2147483647;
			files = (
			);
			inputPaths = (
			);
			name = "Embed Pods Frameworks";
			outputPaths = (
			);
			runOnlyForDeploymentPostprocessing = 0;
			shellPath = /bin/sh;
			shellScript = "\"${SRCROOT}/Pods/Target Support Files/Pods/Pods-frameworks.sh\"\n";
			showEnvVarsInLog = 0;
		};
		835B2A642C67AA73406B8639 /* Copy Pods Resources */ = {
			isa = PBXShellScriptBuildPhase;
			buildActionMask = 2147483647;
			files = (
			);
			inputPaths = (
			);
			name = "Copy Pods Resources";
			outputPaths = (
			);
			runOnlyForDeploymentPostprocessing = 0;
			shellPath = /bin/sh;
			shellScript = "\"${SRCROOT}/Pods/Target Support Files/Pods/Pods-resources.sh\"\n";
			showEnvVarsInLog = 0;
		};
/* End PBXShellScriptBuildPhase section */

/* Begin PBXSourcesBuildPhase section */
		685B0DDE1BCBBB3F0062BC91 /* Sources */ = {
			isa = PBXSourcesBuildPhase;
			buildActionMask = 2147483647;
			files = (
				6849449D1BE3A67800622453 /* HighlightDetail.m in Sources */,
				685B0E1B1BCBBB670062BC91 /* ReaderOverlayView.swift in Sources */,
				684944A01BE3A70A00622453 /* WebViewController.m in Sources */,
				6826771D1BD5286800B3D6D5 /* Array2D.swift in Sources */,
				68D4FA391BE634A500166097 /* RBResizer.swift in Sources */,
				689BCC7C1BD790200065EC02 /* BingoViewController.swift in Sources */,
				682405551BD1623900B95C99 /* NavigationController.swift in Sources */,
				4F82DA121BE064E600FED6B3 /* NSDateExtension.swift in Sources */,
				685B0DE81BCBBB3F0062BC91 /* ViewController.swift in Sources */,
				685B0E191BCBBB670062BC91 /* QRCodeReader.swift in Sources */,
				68BF18AC1BE3460800FECDD6 /* HighlightViewController.swift in Sources */,
				685B0E1A1BCBBB670062BC91 /* QRCodeViewController.swift in Sources */,
				4F72561B1BDF90F000852F8C /* CAPSPageMenu.swift in Sources */,
				685B0E1C1BCBBB670062BC91 /* SwitchCameraButton.swift in Sources */,
				4F8BCC701BD731AE0012BA88 /* FAQViewController.swift in Sources */,
				75A41D751BE5F6AC00FE50A0 /* AboutUS.m in Sources */,
				682677231BD5297400B3D6D5 /* Extensions.swift in Sources */,
				6826771F1BD5288300B3D6D5 /* Bingo.swift in Sources */,
				685B0E1D1BCBBB670062BC91 /* ToggleTorchButton.swift in Sources */,
				68FF90251BD6906B006F96B0 /* TitleTableViewCell.swift in Sources */,
				4F8BCC741BD7A1BB0012BA88 /* TabViewController.swift in Sources */,
				682677281BD5344E00B3D6D5 /* BingoCollectionViewCell.swift in Sources */,
				4F72561D1BDF90FF00852F8C /* ScheduleBaseView.swift in Sources */,
				682677211BD528AF00B3D6D5 /* Tile.swift in Sources */,
				75936CDB1BE2B363005642E5 /* HighLightJsonParser.swift in Sources */,
				685B0DE61BCBBB3F0062BC91 /* AppDelegate.swift in Sources */,
				688664671BD5F7DA004CD6B5 /* MapViewController.swift in Sources */,
				4F82DA0E1BDFE37900FED6B3 /* ScheduleCellScript.swift in Sources */,
				4F7256221BDF91F100852F8C /* SchedulePage01.swift in Sources */,
			);
			runOnlyForDeploymentPostprocessing = 0;
		};
		685B0DF21BCBBB400062BC91 /* Sources */ = {
			isa = PBXSourcesBuildPhase;
			buildActionMask = 2147483647;
			files = (
				685B0DFB1BCBBB400062BC91 /* OpenHouseOneFiveTests.swift in Sources */,
			);
			runOnlyForDeploymentPostprocessing = 0;
		};
		685B0DFD1BCBBB400062BC91 /* Sources */ = {
			isa = PBXSourcesBuildPhase;
			buildActionMask = 2147483647;
			files = (
				685B0E061BCBBB400062BC91 /* OpenHouseOneFiveUITests.swift in Sources */,
			);
			runOnlyForDeploymentPostprocessing = 0;
		};
/* End PBXSourcesBuildPhase section */

/* Begin PBXTargetDependency section */
		685B0DF81BCBBB400062BC91 /* PBXTargetDependency */ = {
			isa = PBXTargetDependency;
			target = 685B0DE11BCBBB3F0062BC91 /* OpenHouseOneFive */;
			targetProxy = 685B0DF71BCBBB400062BC91 /* PBXContainerItemProxy */;
		};
		685B0E031BCBBB400062BC91 /* PBXTargetDependency */ = {
			isa = PBXTargetDependency;
			target = 685B0DE11BCBBB3F0062BC91 /* OpenHouseOneFive */;
			targetProxy = 685B0E021BCBBB400062BC91 /* PBXContainerItemProxy */;
		};
/* End PBXTargetDependency section */

/* Begin PBXVariantGroup section */
		685B0DE91BCBBB3F0062BC91 /* Main.storyboard */ = {
			isa = PBXVariantGroup;
			children = (
				685B0DEA1BCBBB3F0062BC91 /* Base */,
			);
			name = Main.storyboard;
			sourceTree = "<group>";
		};
		685B0DEE1BCBBB400062BC91 /* LaunchScreen.storyboard */ = {
			isa = PBXVariantGroup;
			children = (
				685B0DEF1BCBBB400062BC91 /* Base */,
			);
			name = LaunchScreen.storyboard;
			sourceTree = "<group>";
		};
/* End PBXVariantGroup section */

/* Begin XCBuildConfiguration section */
		685B0E081BCBBB400062BC91 /* Debug */ = {
			isa = XCBuildConfiguration;
			buildSettings = {
				ALWAYS_SEARCH_USER_PATHS = NO;
				CLANG_CXX_LANGUAGE_STANDARD = "gnu++0x";
				CLANG_CXX_LIBRARY = "libc++";
				CLANG_ENABLE_MODULES = YES;
				CLANG_ENABLE_OBJC_ARC = YES;
				CLANG_WARN_BOOL_CONVERSION = YES;
				CLANG_WARN_CONSTANT_CONVERSION = YES;
				CLANG_WARN_DIRECT_OBJC_ISA_USAGE = YES_ERROR;
				CLANG_WARN_EMPTY_BODY = YES;
				CLANG_WARN_ENUM_CONVERSION = YES;
				CLANG_WARN_INT_CONVERSION = YES;
				CLANG_WARN_OBJC_ROOT_CLASS = YES_ERROR;
				CLANG_WARN_UNREACHABLE_CODE = YES;
				CLANG_WARN__DUPLICATE_METHOD_MATCH = YES;
				"CODE_SIGN_IDENTITY[sdk=iphoneos*]" = "iPhone Developer";
				COPY_PHASE_STRIP = NO;
				DEBUG_INFORMATION_FORMAT = dwarf;
				ENABLE_STRICT_OBJC_MSGSEND = YES;
				ENABLE_TESTABILITY = YES;
				GCC_C_LANGUAGE_STANDARD = gnu99;
				GCC_DYNAMIC_NO_PIC = NO;
				GCC_NO_COMMON_BLOCKS = YES;
				GCC_OPTIMIZATION_LEVEL = 0;
				GCC_PREPROCESSOR_DEFINITIONS = (
					"DEBUG=1",
					"$(inherited)",
				);
				GCC_WARN_64_TO_32_BIT_CONVERSION = YES;
				GCC_WARN_ABOUT_RETURN_TYPE = YES_ERROR;
				GCC_WARN_UNDECLARED_SELECTOR = YES;
				GCC_WARN_UNINITIALIZED_AUTOS = YES_AGGRESSIVE;
				GCC_WARN_UNUSED_FUNCTION = YES;
				GCC_WARN_UNUSED_VARIABLE = YES;
				IPHONEOS_DEPLOYMENT_TARGET = 9.0;
				MTL_ENABLE_DEBUG_INFO = YES;
				ONLY_ACTIVE_ARCH = YES;
				SDKROOT = iphoneos;
				SWIFT_OPTIMIZATION_LEVEL = "-Onone";
				TARGETED_DEVICE_FAMILY = "1,2";
			};
			name = Debug;
		};
		685B0E091BCBBB400062BC91 /* Release */ = {
			isa = XCBuildConfiguration;
			buildSettings = {
				ALWAYS_SEARCH_USER_PATHS = NO;
				CLANG_CXX_LANGUAGE_STANDARD = "gnu++0x";
				CLANG_CXX_LIBRARY = "libc++";
				CLANG_ENABLE_MODULES = YES;
				CLANG_ENABLE_OBJC_ARC = YES;
				CLANG_WARN_BOOL_CONVERSION = YES;
				CLANG_WARN_CONSTANT_CONVERSION = YES;
				CLANG_WARN_DIRECT_OBJC_ISA_USAGE = YES_ERROR;
				CLANG_WARN_EMPTY_BODY = YES;
				CLANG_WARN_ENUM_CONVERSION = YES;
				CLANG_WARN_INT_CONVERSION = YES;
				CLANG_WARN_OBJC_ROOT_CLASS = YES_ERROR;
				CLANG_WARN_UNREACHABLE_CODE = YES;
				CLANG_WARN__DUPLICATE_METHOD_MATCH = YES;
				"CODE_SIGN_IDENTITY[sdk=iphoneos*]" = "iPhone Developer";
				COPY_PHASE_STRIP = NO;
				DEBUG_INFORMATION_FORMAT = "dwarf-with-dsym";
				ENABLE_NS_ASSERTIONS = NO;
				ENABLE_STRICT_OBJC_MSGSEND = YES;
				GCC_C_LANGUAGE_STANDARD = gnu99;
				GCC_NO_COMMON_BLOCKS = YES;
				GCC_WARN_64_TO_32_BIT_CONVERSION = YES;
				GCC_WARN_ABOUT_RETURN_TYPE = YES_ERROR;
				GCC_WARN_UNDECLARED_SELECTOR = YES;
				GCC_WARN_UNINITIALIZED_AUTOS = YES_AGGRESSIVE;
				GCC_WARN_UNUSED_FUNCTION = YES;
				GCC_WARN_UNUSED_VARIABLE = YES;
				IPHONEOS_DEPLOYMENT_TARGET = 9.0;
				MTL_ENABLE_DEBUG_INFO = NO;
				SDKROOT = iphoneos;
				TARGETED_DEVICE_FAMILY = "1,2";
				VALIDATE_PRODUCT = YES;
			};
			name = Release;
		};
		685B0E0B1BCBBB400062BC91 /* Debug */ = {
			isa = XCBuildConfiguration;
			baseConfigurationReference = BE51DA5727BFF817F72037D6 /* Pods.debug.xcconfig */;
			buildSettings = {
				ASSETCATALOG_COMPILER_APPICON_NAME = AppIcon;
				ASSETCATALOG_COMPILER_LAUNCHIMAGE_NAME = LaunchImage;
				CLANG_ENABLE_MODULES = YES;
				CODE_SIGN_IDENTITY = "iPhone Developer";
				"CODE_SIGN_IDENTITY[sdk=iphoneos*]" = "iPhone Developer";
				ENABLE_BITCODE = NO;
				INFOPLIST_FILE = OpenHouseOneFive/Info.plist;
				IPHONEOS_DEPLOYMENT_TARGET = 8.0;
				LD_RUNPATH_SEARCH_PATHS = "$(inherited) @executable_path/Frameworks";
				PRODUCT_BUNDLE_IDENTIFIER = com.Thinc.OpenHouseOneFive;
				PRODUCT_NAME = "$(TARGET_NAME)";
				PROVISIONING_PROFILE = "";
				SWIFT_OBJC_BRIDGING_HEADER = "OpenHouseOneFive/OpenHouseOneFive-Bridging-Header.h";
				SWIFT_OPTIMIZATION_LEVEL = "-Onone";
				TARGETED_DEVICE_FAMILY = 1;
			};
			name = Debug;
		};
		685B0E0C1BCBBB400062BC91 /* Release */ = {
			isa = XCBuildConfiguration;
			baseConfigurationReference = 7B9403EFE43B1F5F5FB922BE /* Pods.release.xcconfig */;
			buildSettings = {
				ASSETCATALOG_COMPILER_APPICON_NAME = AppIcon;
				ASSETCATALOG_COMPILER_LAUNCHIMAGE_NAME = LaunchImage;
				CLANG_ENABLE_MODULES = YES;
				CODE_SIGN_IDENTITY = "iPhone Developer";
				"CODE_SIGN_IDENTITY[sdk=iphoneos*]" = "iPhone Developer";
				ENABLE_BITCODE = NO;
				INFOPLIST_FILE = OpenHouseOneFive/Info.plist;
				IPHONEOS_DEPLOYMENT_TARGET = 8.0;
				LD_RUNPATH_SEARCH_PATHS = "$(inherited) @executable_path/Frameworks";
				PRODUCT_BUNDLE_IDENTIFIER = com.Thinc.OpenHouseOneFive;
				PRODUCT_NAME = "$(TARGET_NAME)";
				PROVISIONING_PROFILE = "";
				SWIFT_OBJC_BRIDGING_HEADER = "OpenHouseOneFive/OpenHouseOneFive-Bridging-Header.h";
				TARGETED_DEVICE_FAMILY = 1;
			};
			name = Release;
		};
		685B0E0E1BCBBB400062BC91 /* Debug */ = {
			isa = XCBuildConfiguration;
			buildSettings = {
				BUNDLE_LOADER = "$(TEST_HOST)";
				INFOPLIST_FILE = OpenHouseOneFiveTests/Info.plist;
				LD_RUNPATH_SEARCH_PATHS = "$(inherited) @executable_path/Frameworks @loader_path/Frameworks";
				PRODUCT_BUNDLE_IDENTIFIER = com.Thinc.OpenHouseOneFiveTests;
				PRODUCT_NAME = "$(TARGET_NAME)";
				TEST_HOST = "";
			};
			name = Debug;
		};
		685B0E0F1BCBBB400062BC91 /* Release */ = {
			isa = XCBuildConfiguration;
			buildSettings = {
				BUNDLE_LOADER = "$(TEST_HOST)";
				INFOPLIST_FILE = OpenHouseOneFiveTests/Info.plist;
				LD_RUNPATH_SEARCH_PATHS = "$(inherited) @executable_path/Frameworks @loader_path/Frameworks";
				PRODUCT_BUNDLE_IDENTIFIER = com.Thinc.OpenHouseOneFiveTests;
				PRODUCT_NAME = "$(TARGET_NAME)";
				TEST_HOST = "";
			};
			name = Release;
		};
		685B0E111BCBBB400062BC91 /* Debug */ = {
			isa = XCBuildConfiguration;
			buildSettings = {
				INFOPLIST_FILE = OpenHouseOneFiveUITests/Info.plist;
				LD_RUNPATH_SEARCH_PATHS = "$(inherited) @executable_path/Frameworks @loader_path/Frameworks";
				PRODUCT_BUNDLE_IDENTIFIER = com.Thinc.OpenHouseOneFiveUITests;
				PRODUCT_NAME = "$(TARGET_NAME)";
				TEST_TARGET_NAME = OpenHouseOneFive;
				USES_XCTRUNNER = YES;
			};
			name = Debug;
		};
		685B0E121BCBBB400062BC91 /* Release */ = {
			isa = XCBuildConfiguration;
			buildSettings = {
				INFOPLIST_FILE = OpenHouseOneFiveUITests/Info.plist;
				LD_RUNPATH_SEARCH_PATHS = "$(inherited) @executable_path/Frameworks @loader_path/Frameworks";
				PRODUCT_BUNDLE_IDENTIFIER = com.Thinc.OpenHouseOneFiveUITests;
				PRODUCT_NAME = "$(TARGET_NAME)";
				TEST_TARGET_NAME = OpenHouseOneFive;
				USES_XCTRUNNER = YES;
			};
			name = Release;
		};
/* End XCBuildConfiguration section */

/* Begin XCConfigurationList section */
		685B0DDD1BCBBB3F0062BC91 /* Build configuration list for PBXProject "OpenHouseOneFive" */ = {
			isa = XCConfigurationList;
			buildConfigurations = (
				685B0E081BCBBB400062BC91 /* Debug */,
				685B0E091BCBBB400062BC91 /* Release */,
			);
			defaultConfigurationIsVisible = 0;
			defaultConfigurationName = Release;
		};
		685B0E0A1BCBBB400062BC91 /* Build configuration list for PBXNativeTarget "OpenHouseOneFive" */ = {
			isa = XCConfigurationList;
			buildConfigurations = (
				685B0E0B1BCBBB400062BC91 /* Debug */,
				685B0E0C1BCBBB400062BC91 /* Release */,
			);
			defaultConfigurationIsVisible = 0;
			defaultConfigurationName = Release;
		};
		685B0E0D1BCBBB400062BC91 /* Build configuration list for PBXNativeTarget "OpenHouseOneFiveTests" */ = {
			isa = XCConfigurationList;
			buildConfigurations = (
				685B0E0E1BCBBB400062BC91 /* Debug */,
				685B0E0F1BCBBB400062BC91 /* Release */,
			);
			defaultConfigurationIsVisible = 0;
			defaultConfigurationName = Release;
		};
		685B0E101BCBBB400062BC91 /* Build configuration list for PBXNativeTarget "OpenHouseOneFiveUITests" */ = {
			isa = XCConfigurationList;
			buildConfigurations = (
				685B0E111BCBBB400062BC91 /* Debug */,
				685B0E121BCBBB400062BC91 /* Release */,
			);
			defaultConfigurationIsVisible = 0;
			defaultConfigurationName = Release;
		};
/* End XCConfigurationList section */
	};
	rootObject = 685B0DDA1BCBBB3F0062BC91 /* Project object */;
}
